// !$*UTF8*$!
{
	archiveVersion = 1;
	classes = {
	};
	objectVersion = 56;
	objects = {

/* Begin PBXBuildFile section */
		44B1B9D02A8E024800CA7B63 /* AppDelegate.swift in Sources */ = {isa = PBXBuildFile; fileRef = 44B1B9CF2A8E024800CA7B63 /* AppDelegate.swift */; };
		44B1B9D22A8E024800CA7B63 /* SceneDelegate.swift in Sources */ = {isa = PBXBuildFile; fileRef = 44B1B9D12A8E024800CA7B63 /* SceneDelegate.swift */; };
		44B1B9D42A8E024800CA7B63 /* MainScreenView.swift in Sources */ = {isa = PBXBuildFile; fileRef = 44B1B9D32A8E024800CA7B63 /* MainScreenView.swift */; };
		44B1B9D92A8E024900CA7B63 /* Assets.xcassets in Resources */ = {isa = PBXBuildFile; fileRef = 44B1B9D82A8E024900CA7B63 /* Assets.xcassets */; };
		44B1B9DC2A8E024900CA7B63 /* LaunchScreen.storyboard in Resources */ = {isa = PBXBuildFile; fileRef = 44B1B9DA2A8E024900CA7B63 /* LaunchScreen.storyboard */; };
		44B1B9EC2A8E04FE00CA7B63 /* HeroesNetworkModel.swift in Sources */ = {isa = PBXBuildFile; fileRef = 44B1B9EB2A8E04FE00CA7B63 /* HeroesNetworkModel.swift */; };
		44B1B9EE2A8E051F00CA7B63 /* HeroesNetworkServiceProtocol.swift in Sources */ = {isa = PBXBuildFile; fileRef = 44B1B9ED2A8E051F00CA7B63 /* HeroesNetworkServiceProtocol.swift */; };
		44B1B9F02A8E054500CA7B63 /* NetworkErrors.swift in Sources */ = {isa = PBXBuildFile; fileRef = 44B1B9EF2A8E054500CA7B63 /* NetworkErrors.swift */; };
		44B1B9F22A8E05BF00CA7B63 /* NetworkService.swift in Sources */ = {isa = PBXBuildFile; fileRef = 44B1B9F12A8E05BF00CA7B63 /* NetworkService.swift */; };
		44B1B9F52A8E0ADE00CA7B63 /* UIcolor + extension.swift in Sources */ = {isa = PBXBuildFile; fileRef = 44B1B9F42A8E0ADE00CA7B63 /* UIcolor + extension.swift */; };
		44B1B9F72A8E0B5100CA7B63 /* MainScreenViewModel.swift in Sources */ = {isa = PBXBuildFile; fileRef = 44B1B9F62A8E0B5100CA7B63 /* MainScreenViewModel.swift */; };
		44B1B9FA2A8E0BB000CA7B63 /* MainScreenViewModelProtocol.swift in Sources */ = {isa = PBXBuildFile; fileRef = 44B1B9F92A8E0BB000CA7B63 /* MainScreenViewModelProtocol.swift */; };
		44B1B9FC2A8E0C7200CA7B63 /* HeroModel.swift in Sources */ = {isa = PBXBuildFile; fileRef = 44B1B9FB2A8E0C7200CA7B63 /* HeroModel.swift */; };
		44B1B9FF2A8E10CC00CA7B63 /* MainScreenCollectionCell.swift in Sources */ = {isa = PBXBuildFile; fileRef = 44B1B9FE2A8E10CC00CA7B63 /* MainScreenCollectionCell.swift */; };
		44B1BA022A8E122300CA7B63 /* Kingfisher in Frameworks */ = {isa = PBXBuildFile; productRef = 44B1BA012A8E122300CA7B63 /* Kingfisher */; };
		44B1BA052A8E181100CA7B63 /* FlowController.swift in Sources */ = {isa = PBXBuildFile; fileRef = 44B1BA042A8E181100CA7B63 /* FlowController.swift */; };
		44B1BA0B2A8E4D2C00CA7B63 /* DetailScreenView.swift in Sources */ = {isa = PBXBuildFile; fileRef = 44B1BA0A2A8E4D2C00CA7B63 /* DetailScreenView.swift */; };
		44B1BA0D2A8E504400CA7B63 /* DetailViewModelProtocol.swift in Sources */ = {isa = PBXBuildFile; fileRef = 44B1BA0C2A8E504400CA7B63 /* DetailViewModelProtocol.swift */; };
		44B1BA0F2A8E50BC00CA7B63 /* DetailViewModel.swift in Sources */ = {isa = PBXBuildFile; fileRef = 44B1BA0E2A8E50BC00CA7B63 /* DetailViewModel.swift */; };
		44B1BA122A8F8A2600CA7B63 /* InfoView.swift in Sources */ = {isa = PBXBuildFile; fileRef = 44B1BA112A8F8A2600CA7B63 /* InfoView.swift */; };
		44B1BA152A8F8D6300CA7B63 /* OriginView.swift in Sources */ = {isa = PBXBuildFile; fileRef = 44B1BA142A8F8D6300CA7B63 /* OriginView.swift */; };
		44B1BA182A8F903500CA7B63 /* EpisodeCell.swift in Sources */ = {isa = PBXBuildFile; fileRef = 44B1BA172A8F903500CA7B63 /* EpisodeCell.swift */; };
		44B1BA1B2A8F93EC00CA7B63 /* ProfileView.swift in Sources */ = {isa = PBXBuildFile; fileRef = 44B1BA1A2A8F93EC00CA7B63 /* ProfileView.swift */; };
		44B1BA1E2A8FB1CF00CA7B63 /* HeaderView.swift in Sources */ = {isa = PBXBuildFile; fileRef = 44B1BA1D2A8FB1CF00CA7B63 /* HeaderView.swift */; };
		44B1BA212A8FB39B00CA7B63 /* ErrorView.swift in Sources */ = {isa = PBXBuildFile; fileRef = 44B1BA202A8FB39B00CA7B63 /* ErrorView.swift */; };
		44B1BA252A8FCD6100CA7B63 /* EpisodesView.swift in Sources */ = {isa = PBXBuildFile; fileRef = 44B1BA242A8FCD6100CA7B63 /* EpisodesView.swift */; };
/* End PBXBuildFile section */

/* Begin PBXFileReference section */
		44B1B9CC2A8E024800CA7B63 /* RickMortySystems.app */ = {isa = PBXFileReference; explicitFileType = wrapper.application; includeInIndex = 0; path = RickMortySystems.app; sourceTree = BUILT_PRODUCTS_DIR; };
		44B1B9CF2A8E024800CA7B63 /* AppDelegate.swift */ = {isa = PBXFileReference; lastKnownFileType = sourcecode.swift; path = AppDelegate.swift; sourceTree = "<group>"; };
		44B1B9D12A8E024800CA7B63 /* SceneDelegate.swift */ = {isa = PBXFileReference; lastKnownFileType = sourcecode.swift; path = SceneDelegate.swift; sourceTree = "<group>"; };
		44B1B9D32A8E024800CA7B63 /* MainScreenView.swift */ = {isa = PBXFileReference; lastKnownFileType = sourcecode.swift; path = MainScreenView.swift; sourceTree = "<group>"; };
		44B1B9D82A8E024900CA7B63 /* Assets.xcassets */ = {isa = PBXFileReference; lastKnownFileType = folder.assetcatalog; path = Assets.xcassets; sourceTree = "<group>"; };
		44B1B9DB2A8E024900CA7B63 /* Base */ = {isa = PBXFileReference; lastKnownFileType = file.storyboard; name = Base; path = Base.lproj/LaunchScreen.storyboard; sourceTree = "<group>"; };
		44B1B9DD2A8E024900CA7B63 /* Info.plist */ = {isa = PBXFileReference; lastKnownFileType = text.plist.xml; path = Info.plist; sourceTree = "<group>"; };
		44B1B9EB2A8E04FE00CA7B63 /* HeroesNetworkModel.swift */ = {isa = PBXFileReference; lastKnownFileType = sourcecode.swift; path = HeroesNetworkModel.swift; sourceTree = "<group>"; };
		44B1B9ED2A8E051F00CA7B63 /* HeroesNetworkServiceProtocol.swift */ = {isa = PBXFileReference; lastKnownFileType = sourcecode.swift; path = HeroesNetworkServiceProtocol.swift; sourceTree = "<group>"; };
		44B1B9EF2A8E054500CA7B63 /* NetworkErrors.swift */ = {isa = PBXFileReference; lastKnownFileType = sourcecode.swift; path = NetworkErrors.swift; sourceTree = "<group>"; };
		44B1B9F12A8E05BF00CA7B63 /* NetworkService.swift */ = {isa = PBXFileReference; lastKnownFileType = sourcecode.swift; path = NetworkService.swift; sourceTree = "<group>"; };
		44B1B9F42A8E0ADE00CA7B63 /* UIcolor + extension.swift */ = {isa = PBXFileReference; lastKnownFileType = sourcecode.swift; path = "UIcolor + extension.swift"; sourceTree = "<group>"; };
		44B1B9F62A8E0B5100CA7B63 /* MainScreenViewModel.swift */ = {isa = PBXFileReference; lastKnownFileType = sourcecode.swift; path = MainScreenViewModel.swift; sourceTree = "<group>"; };
		44B1B9F92A8E0BB000CA7B63 /* MainScreenViewModelProtocol.swift */ = {isa = PBXFileReference; lastKnownFileType = sourcecode.swift; path = MainScreenViewModelProtocol.swift; sourceTree = "<group>"; };
		44B1B9FB2A8E0C7200CA7B63 /* HeroModel.swift */ = {isa = PBXFileReference; lastKnownFileType = sourcecode.swift; path = HeroModel.swift; sourceTree = "<group>"; };
		44B1B9FE2A8E10CC00CA7B63 /* MainScreenCollectionCell.swift */ = {isa = PBXFileReference; lastKnownFileType = sourcecode.swift; path = MainScreenCollectionCell.swift; sourceTree = "<group>"; };
		44B1BA042A8E181100CA7B63 /* FlowController.swift */ = {isa = PBXFileReference; lastKnownFileType = sourcecode.swift; path = FlowController.swift; sourceTree = "<group>"; };
		44B1BA0A2A8E4D2C00CA7B63 /* DetailScreenView.swift */ = {isa = PBXFileReference; lastKnownFileType = sourcecode.swift; path = DetailScreenView.swift; sourceTree = "<group>"; };
		44B1BA0C2A8E504400CA7B63 /* DetailViewModelProtocol.swift */ = {isa = PBXFileReference; lastKnownFileType = sourcecode.swift; path = DetailViewModelProtocol.swift; sourceTree = "<group>"; };
		44B1BA0E2A8E50BC00CA7B63 /* DetailViewModel.swift */ = {isa = PBXFileReference; lastKnownFileType = sourcecode.swift; path = DetailViewModel.swift; sourceTree = "<group>"; };
		44B1BA112A8F8A2600CA7B63 /* InfoView.swift */ = {isa = PBXFileReference; lastKnownFileType = sourcecode.swift; path = InfoView.swift; sourceTree = "<group>"; };
		44B1BA142A8F8D6300CA7B63 /* OriginView.swift */ = {isa = PBXFileReference; lastKnownFileType = sourcecode.swift; path = OriginView.swift; sourceTree = "<group>"; };
		44B1BA172A8F903500CA7B63 /* EpisodeCell.swift */ = {isa = PBXFileReference; lastKnownFileType = sourcecode.swift; path = EpisodeCell.swift; sourceTree = "<group>"; };
		44B1BA1A2A8F93EC00CA7B63 /* ProfileView.swift */ = {isa = PBXFileReference; lastKnownFileType = sourcecode.swift; path = ProfileView.swift; sourceTree = "<group>"; };
		44B1BA1D2A8FB1CF00CA7B63 /* HeaderView.swift */ = {isa = PBXFileReference; lastKnownFileType = sourcecode.swift; path = HeaderView.swift; sourceTree = "<group>"; };
		44B1BA202A8FB39B00CA7B63 /* ErrorView.swift */ = {isa = PBXFileReference; lastKnownFileType = sourcecode.swift; path = ErrorView.swift; sourceTree = "<group>"; };
		44B1BA242A8FCD6100CA7B63 /* EpisodesView.swift */ = {isa = PBXFileReference; lastKnownFileType = sourcecode.swift; path = EpisodesView.swift; sourceTree = "<group>"; };
/* End PBXFileReference section */

/* Begin PBXFrameworksBuildPhase section */
		44B1B9C92A8E024800CA7B63 /* Frameworks */ = {
			isa = PBXFrameworksBuildPhase;
			buildActionMask = 2147483647;
			files = (
				44B1BA022A8E122300CA7B63 /* Kingfisher in Frameworks */,
			);
			runOnlyForDeploymentPostprocessing = 0;
		};
/* End PBXFrameworksBuildPhase section */

/* Begin PBXGroup section */
		44B1B9C32A8E024800CA7B63 = {
			isa = PBXGroup;
			children = (
				44B1B9CE2A8E024800CA7B63 /* RickMortySystems */,
				44B1B9CD2A8E024800CA7B63 /* Products */,
			);
			sourceTree = "<group>";
		};
		44B1B9CD2A8E024800CA7B63 /* Products */ = {
			isa = PBXGroup;
			children = (
				44B1B9CC2A8E024800CA7B63 /* RickMortySystems.app */,
			);
			name = Products;
			sourceTree = "<group>";
		};
		44B1B9CE2A8E024800CA7B63 /* RickMortySystems */ = {
			isa = PBXGroup;
			children = (
				44B1BA032A8E17E000CA7B63 /* Navigation */,
				44B1B9E42A8E034500CA7B63 /* MainScreen */,
				44B1BA062A8E4ADF00CA7B63 /* DetailScreen */,
				44B1BA1F2A8FB39000CA7B63 /* ErrorScreen */,
				44B1B9E92A8E041B00CA7B63 /* Extensions */,
				44B1B9E52A8E035000CA7B63 /* NetworkLayer */,
				44B1B9E32A8E033200CA7B63 /* app */,
				44B1B9D82A8E024900CA7B63 /* Assets.xcassets */,
				44B1B9DA2A8E024900CA7B63 /* LaunchScreen.storyboard */,
			);
			path = RickMortySystems;
			sourceTree = "<group>";
		};
		44B1B9E32A8E033200CA7B63 /* app */ = {
			isa = PBXGroup;
			children = (
				44B1B9CF2A8E024800CA7B63 /* AppDelegate.swift */,
				44B1B9D12A8E024800CA7B63 /* SceneDelegate.swift */,
				44B1B9DD2A8E024900CA7B63 /* Info.plist */,
			);
			path = app;
			sourceTree = "<group>";
		};
		44B1B9E42A8E034500CA7B63 /* MainScreen */ = {
			isa = PBXGroup;
			children = (
				44B1B9E82A8E036300CA7B63 /* ViewModel */,
				44B1B9E72A8E035D00CA7B63 /* View */,
				44B1B9E62A8E035800CA7B63 /* Model */,
			);
			path = MainScreen;
			sourceTree = "<group>";
		};
		44B1B9E52A8E035000CA7B63 /* NetworkLayer */ = {
			isa = PBXGroup;
			children = (
				44B1B9F32A8E05C200CA7B63 /* NetworkModel */,
				44B1B9EA2A8E046000CA7B63 /* Protocol */,
				44B1B9EF2A8E054500CA7B63 /* NetworkErrors.swift */,
				44B1B9F12A8E05BF00CA7B63 /* NetworkService.swift */,
			);
			path = NetworkLayer;
			sourceTree = "<group>";
		};
		44B1B9E62A8E035800CA7B63 /* Model */ = {
			isa = PBXGroup;
			children = (
				44B1B9FB2A8E0C7200CA7B63 /* HeroModel.swift */,
			);
			path = Model;
			sourceTree = "<group>";
		};
		44B1B9E72A8E035D00CA7B63 /* View */ = {
			isa = PBXGroup;
			children = (
				44B1BA1C2A8FB1C700CA7B63 /* Header */,
				44B1B9FD2A8E10AA00CA7B63 /* CollectionCell */,
				44B1B9D32A8E024800CA7B63 /* MainScreenView.swift */,
			);
			path = View;
			sourceTree = "<group>";
		};
		44B1B9E82A8E036300CA7B63 /* ViewModel */ = {
			isa = PBXGroup;
			children = (
				44B1B9F82A8E0B9400CA7B63 /* Protocol */,
				44B1B9F62A8E0B5100CA7B63 /* MainScreenViewModel.swift */,
			);
			path = ViewModel;
			sourceTree = "<group>";
		};
		44B1B9E92A8E041B00CA7B63 /* Extensions */ = {
			isa = PBXGroup;
			children = (
				44B1B9F42A8E0ADE00CA7B63 /* UIcolor + extension.swift */,
			);
			path = Extensions;
			sourceTree = "<group>";
		};
		44B1B9EA2A8E046000CA7B63 /* Protocol */ = {
			isa = PBXGroup;
			children = (
				44B1B9ED2A8E051F00CA7B63 /* HeroesNetworkServiceProtocol.swift */,
			);
			path = Protocol;
			sourceTree = "<group>";
		};
		44B1B9F32A8E05C200CA7B63 /* NetworkModel */ = {
			isa = PBXGroup;
			children = (
				44B1B9EB2A8E04FE00CA7B63 /* HeroesNetworkModel.swift */,
			);
			path = NetworkModel;
			sourceTree = "<group>";
		};
		44B1B9F82A8E0B9400CA7B63 /* Protocol */ = {
			isa = PBXGroup;
			children = (
				44B1B9F92A8E0BB000CA7B63 /* MainScreenViewModelProtocol.swift */,
			);
			path = Protocol;
			sourceTree = "<group>";
		};
		44B1B9FD2A8E10AA00CA7B63 /* CollectionCell */ = {
			isa = PBXGroup;
			children = (
				44B1B9FE2A8E10CC00CA7B63 /* MainScreenCollectionCell.swift */,
			);
			path = CollectionCell;
			sourceTree = "<group>";
		};
		44B1BA032A8E17E000CA7B63 /* Navigation */ = {
			isa = PBXGroup;
			children = (
				44B1BA042A8E181100CA7B63 /* FlowController.swift */,
			);
			path = Navigation;
			sourceTree = "<group>";
		};
		44B1BA062A8E4ADF00CA7B63 /* DetailScreen */ = {
			isa = PBXGroup;
			children = (
				44B1BA092A8E4D1E00CA7B63 /* ViewModel */,
				44B1BA072A8E4D0C00CA7B63 /* View */,
			);
			path = DetailScreen;
			sourceTree = "<group>";
		};
		44B1BA072A8E4D0C00CA7B63 /* View */ = {
			isa = PBXGroup;
			children = (
				44B1BA192A8F93E400CA7B63 /* ProfileView */,
				44B1BA162A8F902300CA7B63 /* Episodes */,
				44B1BA132A8F8D5B00CA7B63 /* OriginView */,
				44B1BA102A8F87AB00CA7B63 /* InfoView */,
				44B1BA0A2A8E4D2C00CA7B63 /* DetailScreenView.swift */,
			);
			path = View;
			sourceTree = "<group>";
		};
		44B1BA092A8E4D1E00CA7B63 /* ViewModel */ = {
			isa = PBXGroup;
			children = (
				44B1BA0C2A8E504400CA7B63 /* DetailViewModelProtocol.swift */,
				44B1BA0E2A8E50BC00CA7B63 /* DetailViewModel.swift */,
			);
			path = ViewModel;
			sourceTree = "<group>";
		};
		44B1BA102A8F87AB00CA7B63 /* InfoView */ = {
			isa = PBXGroup;
			children = (
				44B1BA112A8F8A2600CA7B63 /* InfoView.swift */,
			);
			path = InfoView;
			sourceTree = "<group>";
		};
		44B1BA132A8F8D5B00CA7B63 /* OriginView */ = {
			isa = PBXGroup;
			children = (
				44B1BA142A8F8D6300CA7B63 /* OriginView.swift */,
			);
			path = OriginView;
			sourceTree = "<group>";
		};
		44B1BA162A8F902300CA7B63 /* Episodes */ = {
			isa = PBXGroup;
			children = (
				44B1BA172A8F903500CA7B63 /* EpisodeCell.swift */,
				44B1BA242A8FCD6100CA7B63 /* EpisodesView.swift */,
			);
			path = Episodes;
			sourceTree = "<group>";
		};
		44B1BA192A8F93E400CA7B63 /* ProfileView */ = {
			isa = PBXGroup;
			children = (
				44B1BA1A2A8F93EC00CA7B63 /* ProfileView.swift */,
			);
			path = ProfileView;
			sourceTree = "<group>";
		};
		44B1BA1C2A8FB1C700CA7B63 /* Header */ = {
			isa = PBXGroup;
			children = (
				44B1BA1D2A8FB1CF00CA7B63 /* HeaderView.swift */,
			);
			path = Header;
			sourceTree = "<group>";
		};
		44B1BA1F2A8FB39000CA7B63 /* ErrorScreen */ = {
			isa = PBXGroup;
			children = (
				44B1BA202A8FB39B00CA7B63 /* ErrorView.swift */,
			);
			path = ErrorScreen;
			sourceTree = "<group>";
		};
/* End PBXGroup section */

/* Begin PBXNativeTarget section */
		44B1B9CB2A8E024800CA7B63 /* RickMortySystems */ = {
			isa = PBXNativeTarget;
			buildConfigurationList = 44B1B9E02A8E024900CA7B63 /* Build configuration list for PBXNativeTarget "RickMortySystems" */;
			buildPhases = (
				44B1B9C82A8E024800CA7B63 /* Sources */,
				44B1B9C92A8E024800CA7B63 /* Frameworks */,
				44B1B9CA2A8E024800CA7B63 /* Resources */,
			);
			buildRules = (
			);
			dependencies = (
			);
			name = RickMortySystems;
			packageProductDependencies = (
				44B1BA012A8E122300CA7B63 /* Kingfisher */,
			);
			productName = RickMortySystems;
			productReference = 44B1B9CC2A8E024800CA7B63 /* RickMortySystems.app */;
			productType = "com.apple.product-type.application";
		};
/* End PBXNativeTarget section */

/* Begin PBXProject section */
		44B1B9C42A8E024800CA7B63 /* Project object */ = {
			isa = PBXProject;
			attributes = {
				BuildIndependentTargetsInParallel = 1;
				LastSwiftUpdateCheck = 1430;
				LastUpgradeCheck = 1430;
				TargetAttributes = {
					44B1B9CB2A8E024800CA7B63 = {
						CreatedOnToolsVersion = 14.3.1;
					};
				};
			};
			buildConfigurationList = 44B1B9C72A8E024800CA7B63 /* Build configuration list for PBXProject "RickMortySystems" */;
			compatibilityVersion = "Xcode 14.0";
			developmentRegion = en;
			hasScannedForEncodings = 0;
			knownRegions = (
				en,
				Base,
			);
			mainGroup = 44B1B9C32A8E024800CA7B63;
			packageReferences = (
				44B1BA002A8E122300CA7B63 /* XCRemoteSwiftPackageReference "Kingfisher" */,
			);
			productRefGroup = 44B1B9CD2A8E024800CA7B63 /* Products */;
			projectDirPath = "";
			projectRoot = "";
			targets = (
				44B1B9CB2A8E024800CA7B63 /* RickMortySystems */,
			);
		};
/* End PBXProject section */

/* Begin PBXResourcesBuildPhase section */
		44B1B9CA2A8E024800CA7B63 /* Resources */ = {
			isa = PBXResourcesBuildPhase;
			buildActionMask = 2147483647;
			files = (
				44B1B9DC2A8E024900CA7B63 /* LaunchScreen.storyboard in Resources */,
				44B1B9D92A8E024900CA7B63 /* Assets.xcassets in Resources */,
			);
			runOnlyForDeploymentPostprocessing = 0;
		};
/* End PBXResourcesBuildPhase section */

/* Begin PBXSourcesBuildPhase section */
		44B1B9C82A8E024800CA7B63 /* Sources */ = {
			isa = PBXSourcesBuildPhase;
			buildActionMask = 2147483647;
			files = (
				44B1BA252A8FCD6100CA7B63 /* EpisodesView.swift in Sources */,
				44B1B9EC2A8E04FE00CA7B63 /* HeroesNetworkModel.swift in Sources */,
				44B1B9F52A8E0ADE00CA7B63 /* UIcolor + extension.swift in Sources */,
				44B1B9FC2A8E0C7200CA7B63 /* HeroModel.swift in Sources */,
				44B1BA0B2A8E4D2C00CA7B63 /* DetailScreenView.swift in Sources */,
				44B1BA122A8F8A2600CA7B63 /* InfoView.swift in Sources */,
				44B1B9D42A8E024800CA7B63 /* MainScreenView.swift in Sources */,
				44B1BA0D2A8E504400CA7B63 /* DetailViewModelProtocol.swift in Sources */,
				44B1B9FA2A8E0BB000CA7B63 /* MainScreenViewModelProtocol.swift in Sources */,
				44B1B9D02A8E024800CA7B63 /* AppDelegate.swift in Sources */,
				44B1B9FF2A8E10CC00CA7B63 /* MainScreenCollectionCell.swift in Sources */,
				44B1BA182A8F903500CA7B63 /* EpisodeCell.swift in Sources */,
				44B1BA152A8F8D6300CA7B63 /* OriginView.swift in Sources */,
				44B1BA1B2A8F93EC00CA7B63 /* ProfileView.swift in Sources */,
				44B1BA1E2A8FB1CF00CA7B63 /* HeaderView.swift in Sources */,
				44B1B9EE2A8E051F00CA7B63 /* HeroesNetworkServiceProtocol.swift in Sources */,
				44B1BA052A8E181100CA7B63 /* FlowController.swift in Sources */,
				44B1B9F72A8E0B5100CA7B63 /* MainScreenViewModel.swift in Sources */,
				44B1B9D22A8E024800CA7B63 /* SceneDelegate.swift in Sources */,
				44B1B9F02A8E054500CA7B63 /* NetworkErrors.swift in Sources */,
				44B1B9F22A8E05BF00CA7B63 /* NetworkService.swift in Sources */,
				44B1BA0F2A8E50BC00CA7B63 /* DetailViewModel.swift in Sources */,
				44B1BA212A8FB39B00CA7B63 /* ErrorView.swift in Sources */,
			);
			runOnlyForDeploymentPostprocessing = 0;
		};
/* End PBXSourcesBuildPhase section */

/* Begin PBXVariantGroup section */
		44B1B9DA2A8E024900CA7B63 /* LaunchScreen.storyboard */ = {
			isa = PBXVariantGroup;
			children = (
				44B1B9DB2A8E024900CA7B63 /* Base */,
			);
			name = LaunchScreen.storyboard;
			sourceTree = "<group>";
		};
/* End PBXVariantGroup section */

/* Begin XCBuildConfiguration section */
		44B1B9DE2A8E024900CA7B63 /* Debug */ = {
			isa = XCBuildConfiguration;
			buildSettings = {
				ALWAYS_SEARCH_USER_PATHS = NO;
				CLANG_ANALYZER_NONNULL = YES;
				CLANG_ANALYZER_NUMBER_OBJECT_CONVERSION = YES_AGGRESSIVE;
				CLANG_CXX_LANGUAGE_STANDARD = "gnu++20";
				CLANG_ENABLE_MODULES = YES;
				CLANG_ENABLE_OBJC_ARC = YES;
				CLANG_ENABLE_OBJC_WEAK = YES;
				CLANG_WARN_BLOCK_CAPTURE_AUTORELEASING = YES;
				CLANG_WARN_BOOL_CONVERSION = YES;
				CLANG_WARN_COMMA = YES;
				CLANG_WARN_CONSTANT_CONVERSION = YES;
				CLANG_WARN_DEPRECATED_OBJC_IMPLEMENTATIONS = YES;
				CLANG_WARN_DIRECT_OBJC_ISA_USAGE = YES_ERROR;
				CLANG_WARN_DOCUMENTATION_COMMENTS = YES;
				CLANG_WARN_EMPTY_BODY = YES;
				CLANG_WARN_ENUM_CONVERSION = YES;
				CLANG_WARN_INFINITE_RECURSION = YES;
				CLANG_WARN_INT_CONVERSION = YES;
				CLANG_WARN_NON_LITERAL_NULL_CONVERSION = YES;
				CLANG_WARN_OBJC_IMPLICIT_RETAIN_SELF = YES;
				CLANG_WARN_OBJC_LITERAL_CONVERSION = YES;
				CLANG_WARN_OBJC_ROOT_CLASS = YES_ERROR;
				CLANG_WARN_QUOTED_INCLUDE_IN_FRAMEWORK_HEADER = YES;
				CLANG_WARN_RANGE_LOOP_ANALYSIS = YES;
				CLANG_WARN_STRICT_PROTOTYPES = YES;
				CLANG_WARN_SUSPICIOUS_MOVE = YES;
				CLANG_WARN_UNGUARDED_AVAILABILITY = YES_AGGRESSIVE;
				CLANG_WARN_UNREACHABLE_CODE = YES;
				CLANG_WARN__DUPLICATE_METHOD_MATCH = YES;
				COPY_PHASE_STRIP = NO;
				DEBUG_INFORMATION_FORMAT = dwarf;
				ENABLE_STRICT_OBJC_MSGSEND = YES;
				ENABLE_TESTABILITY = YES;
				GCC_C_LANGUAGE_STANDARD = gnu11;
				GCC_DYNAMIC_NO_PIC = NO;
				GCC_NO_COMMON_BLOCKS = YES;
				GCC_OPTIMIZATION_LEVEL = 0;
				GCC_PREPROCESSOR_DEFINITIONS = (
					"DEBUG=1",
					"$(inherited)",
				);
				GCC_WARN_64_TO_32_BIT_CONVERSION = YES;
				GCC_WARN_ABOUT_RETURN_TYPE = YES_ERROR;
				GCC_WARN_UNDECLARED_SELECTOR = YES;
				GCC_WARN_UNINITIALIZED_AUTOS = YES_AGGRESSIVE;
				GCC_WARN_UNUSED_FUNCTION = YES;
				GCC_WARN_UNUSED_VARIABLE = YES;
				IPHONEOS_DEPLOYMENT_TARGET = 16.4;
				MTL_ENABLE_DEBUG_INFO = INCLUDE_SOURCE;
				MTL_FAST_MATH = YES;
				ONLY_ACTIVE_ARCH = YES;
				SDKROOT = iphoneos;
				SWIFT_ACTIVE_COMPILATION_CONDITIONS = DEBUG;
				SWIFT_OPTIMIZATION_LEVEL = "-Onone";
			};
			name = Debug;
		};
		44B1B9DF2A8E024900CA7B63 /* Release */ = {
			isa = XCBuildConfiguration;
			buildSettings = {
				ALWAYS_SEARCH_USER_PATHS = NO;
				CLANG_ANALYZER_NONNULL = YES;
				CLANG_ANALYZER_NUMBER_OBJECT_CONVERSION = YES_AGGRESSIVE;
				CLANG_CXX_LANGUAGE_STANDARD = "gnu++20";
				CLANG_ENABLE_MODULES = YES;
				CLANG_ENABLE_OBJC_ARC = YES;
				CLANG_ENABLE_OBJC_WEAK = YES;
				CLANG_WARN_BLOCK_CAPTURE_AUTORELEASING = YES;
				CLANG_WARN_BOOL_CONVERSION = YES;
				CLANG_WARN_COMMA = YES;
				CLANG_WARN_CONSTANT_CONVERSION = YES;
				CLANG_WARN_DEPRECATED_OBJC_IMPLEMENTATIONS = YES;
				CLANG_WARN_DIRECT_OBJC_ISA_USAGE = YES_ERROR;
				CLANG_WARN_DOCUMENTATION_COMMENTS = YES;
				CLANG_WARN_EMPTY_BODY = YES;
				CLANG_WARN_ENUM_CONVERSION = YES;
				CLANG_WARN_INFINITE_RECURSION = YES;
				CLANG_WARN_INT_CONVERSION = YES;
				CLANG_WARN_NON_LITERAL_NULL_CONVERSION = YES;
				CLANG_WARN_OBJC_IMPLICIT_RETAIN_SELF = YES;
				CLANG_WARN_OBJC_LITERAL_CONVERSION = YES;
				CLANG_WARN_OBJC_ROOT_CLASS = YES_ERROR;
				CLANG_WARN_QUOTED_INCLUDE_IN_FRAMEWORK_HEADER = YES;
				CLANG_WARN_RANGE_LOOP_ANALYSIS = YES;
				CLANG_WARN_STRICT_PROTOTYPES = YES;
				CLANG_WARN_SUSPICIOUS_MOVE = YES;
				CLANG_WARN_UNGUARDED_AVAILABILITY = YES_AGGRESSIVE;
				CLANG_WARN_UNREACHABLE_CODE = YES;
				CLANG_WARN__DUPLICATE_METHOD_MATCH = YES;
				COPY_PHASE_STRIP = NO;
				DEBUG_INFORMATION_FORMAT = "dwarf-with-dsym";
				ENABLE_NS_ASSERTIONS = NO;
				ENABLE_STRICT_OBJC_MSGSEND = YES;
				GCC_C_LANGUAGE_STANDARD = gnu11;
				GCC_NO_COMMON_BLOCKS = YES;
				GCC_WARN_64_TO_32_BIT_CONVERSION = YES;
				GCC_WARN_ABOUT_RETURN_TYPE = YES_ERROR;
				GCC_WARN_UNDECLARED_SELECTOR = YES;
				GCC_WARN_UNINITIALIZED_AUTOS = YES_AGGRESSIVE;
				GCC_WARN_UNUSED_FUNCTION = YES;
				GCC_WARN_UNUSED_VARIABLE = YES;
				IPHONEOS_DEPLOYMENT_TARGET = 16.4;
				MTL_ENABLE_DEBUG_INFO = NO;
				MTL_FAST_MATH = YES;
				SDKROOT = iphoneos;
				SWIFT_COMPILATION_MODE = wholemodule;
				SWIFT_OPTIMIZATION_LEVEL = "-O";
				VALIDATE_PRODUCT = YES;
			};
			name = Release;
		};
		44B1B9E12A8E024900CA7B63 /* Debug */ = {
			isa = XCBuildConfiguration;
			buildSettings = {
				ASSETCATALOG_COMPILER_APPICON_NAME = AppIcon;
				ASSETCATALOG_COMPILER_GLOBAL_ACCENT_COLOR_NAME = AccentColor;
				CODE_SIGN_STYLE = Automatic;
				CURRENT_PROJECT_VERSION = 1;
				GENERATE_INFOPLIST_FILE = YES;
				INFOPLIST_FILE = RickMortySystems/app/Info.plist;
				INFOPLIST_KEY_UIApplicationSupportsIndirectInputEvents = YES;
				INFOPLIST_KEY_UILaunchStoryboardName = LaunchScreen;
				INFOPLIST_KEY_UISupportedInterfaceOrientations_iPad = "UIInterfaceOrientationPortrait UIInterfaceOrientationPortraitUpsideDown UIInterfaceOrientationLandscapeLeft UIInterfaceOrientationLandscapeRight";
				INFOPLIST_KEY_UISupportedInterfaceOrientations_iPhone = "UIInterfaceOrientationPortrait UIInterfaceOrientationLandscapeLeft UIInterfaceOrientationLandscapeRight";
				LD_RUNPATH_SEARCH_PATHS = (
					"$(inherited)",
					"@executable_path/Frameworks",
				);
				MARKETING_VERSION = 1.0;
				PRODUCT_BUNDLE_IDENTIFIER = com.artem.RickMortySystems;
				PRODUCT_NAME = "$(TARGET_NAME)";
				SWIFT_EMIT_LOC_STRINGS = YES;
				SWIFT_VERSION = 5.0;
				TARGETED_DEVICE_FAMILY = "1,2";
			};
			name = Debug;
		};
		44B1B9E22A8E024900CA7B63 /* Release */ = {
			isa = XCBuildConfiguration;
			buildSettings = {
				ASSETCATALOG_COMPILER_APPICON_NAME = AppIcon;
				ASSETCATALOG_COMPILER_GLOBAL_ACCENT_COLOR_NAME = AccentColor;
				CODE_SIGN_STYLE = Automatic;
				CURRENT_PROJECT_VERSION = 1;
				GENERATE_INFOPLIST_FILE = YES;
				INFOPLIST_FILE = RickMortySystems/app/Info.plist;
				INFOPLIST_KEY_UIApplicationSupportsIndirectInputEvents = YES;
				INFOPLIST_KEY_UILaunchStoryboardName = LaunchScreen;
				INFOPLIST_KEY_UISupportedInterfaceOrientations_iPad = "UIInterfaceOrientationPortrait UIInterfaceOrientationPortraitUpsideDown UIInterfaceOrientationLandscapeLeft UIInterfaceOrientationLandscapeRight";
				INFOPLIST_KEY_UISupportedInterfaceOrientations_iPhone = "UIInterfaceOrientationPortrait UIInterfaceOrientationLandscapeLeft UIInterfaceOrientationLandscapeRight";
				LD_RUNPATH_SEARCH_PATHS = (
					"$(inherited)",
					"@executable_path/Frameworks",
				);
				MARKETING_VERSION = 1.0;
				PRODUCT_BUNDLE_IDENTIFIER = com.artem.RickMortySystems;
				PRODUCT_NAME = "$(TARGET_NAME)";
				SWIFT_EMIT_LOC_STRINGS = YES;
				SWIFT_VERSION = 5.0;
				TARGETED_DEVICE_FAMILY = "1,2";
			};
			name = Release;
		};
/* End XCBuildConfiguration section */

/* Begin XCConfigurationList section */
		44B1B9C72A8E024800CA7B63 /* Build configuration list for PBXProject "RickMortySystems" */ = {
			isa = XCConfigurationList;
			buildConfigurations = (
				44B1B9DE2A8E024900CA7B63 /* Debug */,
				44B1B9DF2A8E024900CA7B63 /* Release */,
			);
			defaultConfigurationIsVisible = 0;
			defaultConfigurationName = Release;
		};
		44B1B9E02A8E024900CA7B63 /* Build configuration list for PBXNativeTarget "RickMortySystems" */ = {
			isa = XCConfigurationList;
			buildConfigurations = (
				44B1B9E12A8E024900CA7B63 /* Debug */,
				44B1B9E22A8E024900CA7B63 /* Release */,
			);
			defaultConfigurationIsVisible = 0;
			defaultConfigurationName = Release;
		};
/* End XCConfigurationList section */

/* Begin XCRemoteSwiftPackageReference section */
		44B1BA002A8E122300CA7B63 /* XCRemoteSwiftPackageReference "Kingfisher" */ = {
			isa = XCRemoteSwiftPackageReference;
			repositoryURL = "https://github.com/onevcat/Kingfisher.git";
			requirement = {
				kind = upToNextMajorVersion;
				minimumVersion = 7.0.0;
			};
		};
/* End XCRemoteSwiftPackageReference section */

/* Begin XCSwiftPackageProductDependency section */
		44B1BA012A8E122300CA7B63 /* Kingfisher */ = {
			isa = XCSwiftPackageProductDependency;
			package = 44B1BA002A8E122300CA7B63 /* XCRemoteSwiftPackageReference "Kingfisher" */;
			productName = Kingfisher;
		};
/* End XCSwiftPackageProductDependency section */
	};
	rootObject = 44B1B9C42A8E024800CA7B63 /* Project object */;
}
